
Microsoft Visual Studio Solution File, Format Version 12.00
# Visual Studio 2013
VisualStudioVersion = 12.0.31101.0
MinimumVisualStudioVersion = 10.0.40219.1
Project("{8BC9CEB8-8B4A-11D0-8D11-00A0C91BC942}") = "Tuto1_Move_semantics_1", "Tuto1_Move_semantics_1\Tuto1_Move_semantics_1.vcxproj", "{CE6EFB89-5AF7-4CC2-AF31-0D9BD09759F2}"
EndProject
Project("{8BC9CEB8-8B4A-11D0-8D11-00A0C91BC942}") = "Tuto1_Move_semantics_2", "Tuto1_Move_semantics_2\Tuto1_Move_semantics_2.vcxproj", "{A387E652-4019-4A0D-83FF-4B37393C97CE}"
EndProject
Project("{8BC9CEB8-8B4A-11D0-8D11-00A0C91BC942}") = "Tuto2_Rule_Of_Five", "Tuto2_Rule_Of_Five\Tuto2_Rule_Of_Five.vcxproj", "{951DA7E0-F270-4B2C-8956-8AE7BE4F1A72}"
EndProject
Project("{8BC9CEB8-8B4A-11D0-8D11-00A0C91BC942}") = "Tuto2_Rule_of_zero", "Tuto2_Rule_of_zero\Tuto2_Rule_of_zero.vcxproj", "{F198CDFE-0356-4457-9F66-F3ED9FB559E6}"
EndProject
Project("{8BC9CEB8-8B4A-11D0-8D11-00A0C91BC942}") = "Tuto3_PerfectForwarding", "Tuto3_PerfectForwarding\Tuto3_PerfectForwarding.vcxproj", "{CF46F593-1419-4A6B-9773-BA4E7F05E9D5}"
EndProject
Project("{8BC9CEB8-8B4A-11D0-8D11-00A0C91BC942}") = "Tuto4_UR_and_Type_Trait", "Tuto4_UR_and_Type_Trait\Tuto4_UR_and_Type_Trait.vcxproj", "{2E8E5CB8-24EF-4F05-974B-6E0623BBE953}"
EndProject
Project("{8BC9CEB8-8B4A-11D0-8D11-00A0C91BC942}") = "testbed", "testbed\proj.win32\testbed.vcxproj", "{DD94E1F4-3EF4-49C7-9D87-830A1CA9BD63}"
EndProject
Global
	GlobalSection(SolutionConfigurationPlatforms) = preSolution
		Debug|Win32 = Debug|Win32
		MinSizeRel|Win32 = MinSizeRel|Win32
		Release|Win32 = Release|Win32
		RelWithDebInfo|Win32 = RelWithDebInfo|Win32
	EndGlobalSection
	GlobalSection(ProjectConfigurationPlatforms) = postSolution
		{CE6EFB89-5AF7-4CC2-AF31-0D9BD09759F2}.Debug|Win32.ActiveCfg = Debug|Win32
		{CE6EFB89-5AF7-4CC2-AF31-0D9BD09759F2}.Debug|Win32.Build.0 = Debug|Win32
		{CE6EFB89-5AF7-4CC2-AF31-0D9BD09759F2}.MinSizeRel|Win32.ActiveCfg = Release|Win32
		{CE6EFB89-5AF7-4CC2-AF31-0D9BD09759F2}.MinSizeRel|Win32.Build.0 = Release|Win32
		{CE6EFB89-5AF7-4CC2-AF31-0D9BD09759F2}.Release|Win32.ActiveCfg = Release|Win32
		{CE6EFB89-5AF7-4CC2-AF31-0D9BD09759F2}.Release|Win32.Build.0 = Release|Win32
		{CE6EFB89-5AF7-4CC2-AF31-0D9BD09759F2}.RelWithDebInfo|Win32.ActiveCfg = Release|Win32
		{CE6EFB89-5AF7-4CC2-AF31-0D9BD09759F2}.RelWithDebInfo|Win32.Build.0 = Release|Win32
		{A387E652-4019-4A0D-83FF-4B37393C97CE}.Debug|Win32.ActiveCfg = Debug|Win32
		{A387E652-4019-4A0D-83FF-4B37393C97CE}.Debug|Win32.Build.0 = Debug|Win32
		{A387E652-4019-4A0D-83FF-4B37393C97CE}.MinSizeRel|Win32.ActiveCfg = Release|Win32
		{A387E652-4019-4A0D-83FF-4B37393C97CE}.MinSizeRel|Win32.Build.0 = Release|Win32
		{A387E652-4019-4A0D-83FF-4B37393C97CE}.Release|Win32.ActiveCfg = Release|Win32
		{A387E652-4019-4A0D-83FF-4B37393C97CE}.Release|Win32.Build.0 = Release|Win32
		{A387E652-4019-4A0D-83FF-4B37393C97CE}.RelWithDebInfo|Win32.ActiveCfg = Release|Win32
		{A387E652-4019-4A0D-83FF-4B37393C97CE}.RelWithDebInfo|Win32.Build.0 = Release|Win32
		{951DA7E0-F270-4B2C-8956-8AE7BE4F1A72}.Debug|Win32.ActiveCfg = Debug|Win32
		{951DA7E0-F270-4B2C-8956-8AE7BE4F1A72}.Debug|Win32.Build.0 = Debug|Win32
		{951DA7E0-F270-4B2C-8956-8AE7BE4F1A72}.MinSizeRel|Win32.ActiveCfg = Release|Win32
		{951DA7E0-F270-4B2C-8956-8AE7BE4F1A72}.MinSizeRel|Win32.Build.0 = Release|Win32
		{951DA7E0-F270-4B2C-8956-8AE7BE4F1A72}.Release|Win32.ActiveCfg = Release|Win32
		{951DA7E0-F270-4B2C-8956-8AE7BE4F1A72}.Release|Win32.Build.0 = Release|Win32
		{951DA7E0-F270-4B2C-8956-8AE7BE4F1A72}.RelWithDebInfo|Win32.ActiveCfg = Release|Win32
		{951DA7E0-F270-4B2C-8956-8AE7BE4F1A72}.RelWithDebInfo|Win32.Build.0 = Release|Win32
		{F198CDFE-0356-4457-9F66-F3ED9FB559E6}.Debug|Win32.ActiveCfg = Debug|Win32
		{F198CDFE-0356-4457-9F66-F3ED9FB559E6}.Debug|Win32.Build.0 = Debug|Win32
		{F198CDFE-0356-4457-9F66-F3ED9FB559E6}.MinSizeRel|Win32.ActiveCfg = Release|Win32
		{F198CDFE-0356-4457-9F66-F3ED9FB559E6}.MinSizeRel|Win32.Build.0 = Release|Win32
		{F198CDFE-0356-4457-9F66-F3ED9FB559E6}.Release|Win32.ActiveCfg = Release|Win32
		{F198CDFE-0356-4457-9F66-F3ED9FB559E6}.Release|Win32.Build.0 = Release|Win32
		{F198CDFE-0356-4457-9F66-F3ED9FB559E6}.RelWithDebInfo|Win32.ActiveCfg = Release|Win32
		{F198CDFE-0356-4457-9F66-F3ED9FB559E6}.RelWithDebInfo|Win32.Build.0 = Release|Win32
		{CF46F593-1419-4A6B-9773-BA4E7F05E9D5}.Debug|Win32.ActiveCfg = Debug|Win32
		{CF46F593-1419-4A6B-9773-BA4E7F05E9D5}.Debug|Win32.Build.0 = Debug|Win32
		{CF46F593-1419-4A6B-9773-BA4E7F05E9D5}.MinSizeRel|Win32.ActiveCfg = Release|Win32
		{CF46F593-1419-4A6B-9773-BA4E7F05E9D5}.MinSizeRel|Win32.Build.0 = Release|Win32
		{CF46F593-1419-4A6B-9773-BA4E7F05E9D5}.Release|Win32.ActiveCfg = Release|Win32
		{CF46F593-1419-4A6B-9773-BA4E7F05E9D5}.Release|Win32.Build.0 = Release|Win32
		{CF46F593-1419-4A6B-9773-BA4E7F05E9D5}.RelWithDebInfo|Win32.ActiveCfg = Release|Win32
		{CF46F593-1419-4A6B-9773-BA4E7F05E9D5}.RelWithDebInfo|Win32.Build.0 = Release|Win32
		{2E8E5CB8-24EF-4F05-974B-6E0623BBE953}.Debug|Win32.ActiveCfg = Debug|Win32
		{2E8E5CB8-24EF-4F05-974B-6E0623BBE953}.Debug|Win32.Build.0 = Debug|Win32
		{2E8E5CB8-24EF-4F05-974B-6E0623BBE953}.MinSizeRel|Win32.ActiveCfg = Release|Win32
		{2E8E5CB8-24EF-4F05-974B-6E0623BBE953}.MinSizeRel|Win32.Build.0 = Release|Win32
		{2E8E5CB8-24EF-4F05-974B-6E0623BBE953}.Release|Win32.ActiveCfg = Release|Win32
		{2E8E5CB8-24EF-4F05-974B-6E0623BBE953}.Release|Win32.Build.0 = Release|Win32
		{2E8E5CB8-24EF-4F05-974B-6E0623BBE953}.RelWithDebInfo|Win32.ActiveCfg = Release|Win32
		{2E8E5CB8-24EF-4F05-974B-6E0623BBE953}.RelWithDebInfo|Win32.Build.0 = Release|Win32
		{DD94E1F4-3EF4-49C7-9D87-830A1CA9BD63}.Debug|Win32.ActiveCfg = Debug|Win32
		{DD94E1F4-3EF4-49C7-9D87-830A1CA9BD63}.Debug|Win32.Build.0 = Debug|Win32
		{DD94E1F4-3EF4-49C7-9D87-830A1CA9BD63}.MinSizeRel|Win32.ActiveCfg = MinSizeRel|Win32
		{DD94E1F4-3EF4-49C7-9D87-830A1CA9BD63}.MinSizeRel|Win32.Build.0 = MinSizeRel|Win32
		{DD94E1F4-3EF4-49C7-9D87-830A1CA9BD63}.Release|Win32.ActiveCfg = Release|Win32
		{DD94E1F4-3EF4-49C7-9D87-830A1CA9BD63}.Release|Win32.Build.0 = Release|Win32
		{DD94E1F4-3EF4-49C7-9D87-830A1CA9BD63}.RelWithDebInfo|Win32.ActiveCfg = RelWithDebInfo|Win32
		{DD94E1F4-3EF4-49C7-9D87-830A1CA9BD63}.RelWithDebInfo|Win32.Build.0 = RelWithDebInfo|Win32
	EndGlobalSection
	GlobalSection(SolutionProperties) = preSolution
		HideSolutionNode = FALSE
	EndGlobalSection
EndGlobal
